{
    "_readme": [
        "This file locks the dependencies of your project to a known state",
        "Read more about it at https://getcomposer.org/doc/01-basic-usage.md#installing-dependencies"
    ],
    "content-hash": "9ac02c0a0aac2cba78c6a2c4b2e3c4f4",
    "packages": [],
    "packages-dev": [],
    "aliases": [],
    "minimum-stability": "stable",
    "stability-flags": [],
    "prefer-stable": true,
    "prefer-lowest": false,
    "platform": {
        "php": "^8.1"
    },
    "platform-dev": [],
    "plugin-api-version": "2.2.0"
}